
Microsoft Visual Studio Solution File, Format Version 12.00
# Visual Studio Version 16
VisualStudioVersion = 16.0.30128.74
MinimumVisualStudioVersion = 10.0.40219.1
Project("{FAE04EC0-301F-11D3-BF4B-00C04F79EFBC}") = "WebChatApplication", "WebChatApplication\WebChatApplication.csproj", "{FA3AD2CA-8F89-427D-9C7B-CA736B23A69B}"
EndProject
Global
	GlobalSection(SolutionConfigurationPlatforms) = preSolution
		Debug|Any CPU = Debug|Any CPU
		Release|Any CPU = Release|Any CPU
	EndGlobalSection
	GlobalSection(ProjectConfigurationPlatforms) = postSolution
		{FA3AD2CA-8F89-427D-9C7B-CA736B23A69B}.Debug|Any CPU.ActiveCfg = Debug|Any CPU
		{FA3AD2CA-8F89-427D-9C7B-CA736B23A69B}.Debug|Any CPU.Build.0 = Debug|Any CPU
		{FA3AD2CA-8F89-427D-9C7B-CA736B23A69B}.Release|Any CPU.ActiveCfg = Release|Any CPU
		{FA3AD2CA-8F89-427D-9C7B-CA736B23A69B}.Release|Any CPU.Build.0 = Release|Any CPU
	EndGlobalSection
	GlobalSection(SolutionProperties) = preSolution
		HideSolutionNode = FALSE
	EndGlobalSection
	GlobalSection(ExtensibilityGlobals) = postSolution
		SolutionGuid = {41EEE6A7-3AB2-4658-8245-BA37F6F927C9}
	EndGlobalSection
EndGlobal
